
Microsoft Visual Studio Solution File, Format Version 12.00
# Visual Studio Version 16
VisualStudioVersion = 16.0.30225.117
MinimumVisualStudioVersion = 10.0.40219.1
Project("{FAE04EC0-301F-11D3-BF4B-00C04F79EFBC}") = "Calculator_CSharp", "Calculator_CSharp\Calculator_CSharp.csproj", "{B7FC91A8-B9FC-4FAE-A7A4-6BD3B443B0BF}"
EndProject
Global
	GlobalSection(SolutionConfigurationPlatforms) = preSolution
		Debug|Any CPU = Debug|Any CPU
		Release|Any CPU = Release|Any CPU
	EndGlobalSection
	GlobalSection(ProjectConfigurationPlatforms) = postSolution
		{B7FC91A8-B9FC-4FAE-A7A4-6BD3B443B0BF}.Debug|Any CPU.ActiveCfg = Debug|Any CPU
		{B7FC91A8-B9FC-4FAE-A7A4-6BD3B443B0BF}.Debug|Any CPU.Build.0 = Debug|Any CPU
		{B7FC91A8-B9FC-4FAE-A7A4-6BD3B443B0BF}.Release|Any CPU.ActiveCfg = Release|Any CPU
		{B7FC91A8-B9FC-4FAE-A7A4-6BD3B443B0BF}.Release|Any CPU.Build.0 = Release|Any CPU
	EndGlobalSection
	GlobalSection(SolutionProperties) = preSolution
		HideSolutionNode = FALSE
	EndGlobalSection
	GlobalSection(ExtensibilityGlobals) = postSolution
		SolutionGuid = {583ED594-96BC-4BE1-B9FD-9729316C76C2}
	EndGlobalSection
EndGlobal
